
Microsoft Visual Studio Solution File, Format Version 12.00
# Visual Studio Version 16
VisualStudioVersion = 16.0.29613.14
MinimumVisualStudioVersion = 10.0.40219.1
Project("{FAE04EC0-301F-11D3-BF4B-00C04F79EFBC}") = "Turnos", "Turnos\Turnos.csproj", "{2B323DE7-949F-4BD0-8CBE-2B19DBF65DEB}"
EndProject
Global
	GlobalSection(SolutionConfigurationPlatforms) = preSolution
		Debug|Any CPU = Debug|Any CPU
		Release|Any CPU = Release|Any CPU
	EndGlobalSection
	GlobalSection(ProjectConfigurationPlatforms) = postSolution
		{2B323DE7-949F-4BD0-8CBE-2B19DBF65DEB}.Debug|Any CPU.ActiveCfg = Debug|Any CPU
		{2B323DE7-949F-4BD0-8CBE-2B19DBF65DEB}.Debug|Any CPU.Build.0 = Debug|Any CPU
		{2B323DE7-949F-4BD0-8CBE-2B19DBF65DEB}.Release|Any CPU.ActiveCfg = Release|Any CPU
		{2B323DE7-949F-4BD0-8CBE-2B19DBF65DEB}.Release|Any CPU.Build.0 = Release|Any CPU
	EndGlobalSection
	GlobalSection(SolutionProperties) = preSolution
		HideSolutionNode = FALSE
	EndGlobalSection
	GlobalSection(ExtensibilityGlobals) = postSolution
		SolutionGuid = {275449FD-1CE1-420E-9C83-A87031463BC2}
	EndGlobalSection
EndGlobal
